<?xml version="1.0" encoding="utf-8"?>
<Project ToolsVersion="4.0" xmlns="http://schemas.microsoft.com/developer/msbuild/2003">
  <ItemGroup>
    <ClCompile Include="main.cpp" />
    <ClCompile Include="Input.cpp" />
    <ClCompile Include="Window.cpp" />
    <ClCompile Include="Application.cpp" />
    <ClCompile Include="Camera.cpp" />
    <ClCompile Include="Shader.cpp" />
    <ClCompile Include="Scene.cpp" />
    <ClCompile Include="Renderer.cpp" />
    <ClCompile Include="EditorImGui.cpp" />
    <ClCompile Include="Mass.cpp">
      <Filter>Physics</Filter>
    </ClCompile>
    <ClCompile Include="Simulation.cpp">
      <Filter>Physics</Filter>
    </ClCompile>
    <ClCompile Include="ConstantVelocityApplication.cpp">
      <Filter>Physics</Filter>
    </ClCompile>
    <ClCompile Include="MotionUnderGravition.cpp">
      <Filter>Physics</Filter>
    </ClCompile>
    <ClCompile Include="MassConnectedWithSpring.cpp">
      <Filter>Physics</Filter>
    </ClCompile>
    <ClCompile Include="RopeSimulation.cpp">
      <Filter>Physics</Filter>
    </ClCompile>
    <ClCompile Include="Spring.cpp">
      <Filter>Physics</Filter>
    </ClCompile>
    <ClCompile Include="GroundRenderer.cpp" />
  </ItemGroup>
  <ItemGroup>
    <ClInclude Include="Lsst.h" />
    <ClInclude Include="Input.h" />
    <ClInclude Include="Window.h" />
    <ClInclude Include="Application.h" />
    <ClInclude Include="Camera.h" />
    <ClInclude Include="Shader.h" />
    <ClInclude Include="Scene.h" />
    <ClInclude Include="Renderer.h" />
    <ClInclude Include="EditorImGui.h" />
    <ClInclude Include="Mass.h">
      <Filter>Physics</Filter>
    </ClInclude>
    <ClInclude Include="Simulation.h">
      <Filter>Physics</Filter>
    </ClInclude>
    <ClInclude Include="ConstantVelocityApplication.h">
      <Filter>Physics</Filter>
    </ClInclude>
    <ClInclude Include="MotionUnderGravition.h">
      <Filter>Physics</Filter>
    </ClInclude>
    <ClInclude Include="MassConnectedWithSpring.h">
      <Filter>Physics</Filter>
    </ClInclude>
    <ClInclude Include="RopeSimulation.h">
      <Filter>Physics</Filter>
    </ClInclude>
    <ClInclude Include="Spring.h">
      <Filter>Physics</Filter>
    </ClInclude>
    <ClInclude Include="GroundRenderer.h" />
  </ItemGroup>
  <ItemGroup>
    <Filter Include="Physics">
      <UniqueIdentifier>{10e7b0e3-a06e-4f21-8745-81396a63ee42}</UniqueIdentifier>
    </Filter>
  </ItemGroup>
</Project>